<?xml version="1.0" encoding="utf-8"?>
<Project ToolsVersion="Current" xmlns="http://schemas.microsoft.com/developer/msbuild/2003">
  <ItemGroup>
    <CudaCompile Include="Matrix.cu" />
    <CudaCompile Include="NeuralNetwork.cu" />
  </ItemGroup>
  <ItemGroup>
    <ClCompile Include="Main.c" />
    <ClCompile Include="MNISTLoader.c" />
    <ClCompile Include="NeuralNetworkTests.c" />
  </ItemGroup>
  <ItemGroup>
    <ClInclude Include="Matrix.h" />
    <ClInclude Include="MNISTLoader.h" />
    <ClInclude Include="NeuralNetwork.h" />
    <ClInclude Include="NeuralNetworkDebug.h" />
  </ItemGroup>
</Project>